
Microsoft Visual Studio Solution File, Format Version 12.00
# Visual Studio Version 17
VisualStudioVersion = 17.3.32901.215
MinimumVisualStudioVersion = 10.0.40219.1
Project("{9A19103F-16F7-4668-BE54-9A1E7A4F7556}") = "BCZZ3O_HFT_2022231.Client", "VehicleFleetDb.Client\BCZZ3O_HFT_2022231.Client.csproj", "{9CCEA2F7-4D11-440B-A725-D0E097F58C2C}"
EndProject
Project("{9A19103F-16F7-4668-BE54-9A1E7A4F7556}") = "BCZZ3O_HFT_2022231.Models", "VehicleFleetDb.Models\BCZZ3O_HFT_2022231.Models.csproj", "{EF30DD7D-9D81-4BD0-A2F8-7C8C4EC31782}"
EndProject
Project("{9A19103F-16F7-4668-BE54-9A1E7A4F7556}") = "BCZZ3O_HFT_2022231.Repository", "VehicleFleetDb.Repository\BCZZ3O_HFT_2022231.Repository.csproj", "{971EFE67-DFED-4FA5-8142-617D5F72302A}"
EndProject
Project("{9A19103F-16F7-4668-BE54-9A1E7A4F7556}") = "BCZZ3O_HFT_2022231.Logic", "VehicleFleetDb.Logic\BCZZ3O_HFT_2022231.Logic.csproj", "{89EBC098-9B87-4EEE-A2B5-450416AA84AE}"
EndProject
Project("{2150E333-8FDC-42A3-9474-1A3956D46DE8}") = "Backend", "Backend", "{1AF6D5BB-F890-4BC6-8DCF-95C27B0848B2}"
EndProject
Project("{2150E333-8FDC-42A3-9474-1A3956D46DE8}") = "Frontend", "Frontend", "{634374F3-5B4B-4579-8D32-F85711D79B39}"
EndProject
Project("{2150E333-8FDC-42A3-9474-1A3956D46DE8}") = "Shared", "Shared", "{073F33B2-8E33-4EA6-A9E0-6003C4399317}"
EndProject
Global
	GlobalSection(SolutionConfigurationPlatforms) = preSolution
		Debug|Any CPU = Debug|Any CPU
		Release|Any CPU = Release|Any CPU
	EndGlobalSection
	GlobalSection(ProjectConfigurationPlatforms) = postSolution
		{9CCEA2F7-4D11-440B-A725-D0E097F58C2C}.Debug|Any CPU.ActiveCfg = Debug|Any CPU
		{9CCEA2F7-4D11-440B-A725-D0E097F58C2C}.Debug|Any CPU.Build.0 = Debug|Any CPU
		{9CCEA2F7-4D11-440B-A725-D0E097F58C2C}.Release|Any CPU.ActiveCfg = Release|Any CPU
		{9CCEA2F7-4D11-440B-A725-D0E097F58C2C}.Release|Any CPU.Build.0 = Release|Any CPU
		{EF30DD7D-9D81-4BD0-A2F8-7C8C4EC31782}.Debug|Any CPU.ActiveCfg = Debug|Any CPU
		{EF30DD7D-9D81-4BD0-A2F8-7C8C4EC31782}.Debug|Any CPU.Build.0 = Debug|Any CPU
		{EF30DD7D-9D81-4BD0-A2F8-7C8C4EC31782}.Release|Any CPU.ActiveCfg = Release|Any CPU
		{EF30DD7D-9D81-4BD0-A2F8-7C8C4EC31782}.Release|Any CPU.Build.0 = Release|Any CPU
		{971EFE67-DFED-4FA5-8142-617D5F72302A}.Debug|Any CPU.ActiveCfg = Debug|Any CPU
		{971EFE67-DFED-4FA5-8142-617D5F72302A}.Debug|Any CPU.Build.0 = Debug|Any CPU
		{971EFE67-DFED-4FA5-8142-617D5F72302A}.Release|Any CPU.ActiveCfg = Release|Any CPU
		{971EFE67-DFED-4FA5-8142-617D5F72302A}.Release|Any CPU.Build.0 = Release|Any CPU
		{89EBC098-9B87-4EEE-A2B5-450416AA84AE}.Debug|Any CPU.ActiveCfg = Debug|Any CPU
		{89EBC098-9B87-4EEE-A2B5-450416AA84AE}.Debug|Any CPU.Build.0 = Debug|Any CPU
		{89EBC098-9B87-4EEE-A2B5-450416AA84AE}.Release|Any CPU.ActiveCfg = Release|Any CPU
		{89EBC098-9B87-4EEE-A2B5-450416AA84AE}.Release|Any CPU.Build.0 = Release|Any CPU
	EndGlobalSection
	GlobalSection(SolutionProperties) = preSolution
		HideSolutionNode = FALSE
	EndGlobalSection
	GlobalSection(NestedProjects) = preSolution
		{9CCEA2F7-4D11-440B-A725-D0E097F58C2C} = {634374F3-5B4B-4579-8D32-F85711D79B39}
		{EF30DD7D-9D81-4BD0-A2F8-7C8C4EC31782} = {073F33B2-8E33-4EA6-A9E0-6003C4399317}
		{971EFE67-DFED-4FA5-8142-617D5F72302A} = {1AF6D5BB-F890-4BC6-8DCF-95C27B0848B2}
		{89EBC098-9B87-4EEE-A2B5-450416AA84AE} = {1AF6D5BB-F890-4BC6-8DCF-95C27B0848B2}
	EndGlobalSection
	GlobalSection(ExtensibilityGlobals) = postSolution
		SolutionGuid = {0CB52735-66D3-47EB-B2B1-93AB4C38CBE5}
	EndGlobalSection
EndGlobal
